<?xml version="1.0" encoding="UTF-8" standalone="yes" ?>
<CodeBlocks_project_file>
	<FileVersion major="1" minor="6" />
	<Project>
		<Option title="project" />
		<Option pch_mode="2" />
		<Option compiler="gcc" />
		<Build>
			<Target title="Debug">
				<Option output="bin/Debug/game" prefix_auto="1" extension_auto="1" />
				<Option working_dir="assets" />
				<Option object_output="obj/Debug/" />
				<Option type="1" />
				<Option compiler="gcc" />
				<Compiler>
					<Add option="-Wnon-virtual-dtor" />
					<Add option="-Wunreachable-code" />
					<Add option="-std=c++11" />
					<Add option="-Wall" />
					<Add option="-g" />
					<Add directory="src" />
					<Add directory="src/mge" />
					<Add directory="src/mge/core" />
					<Add directory="src/mge/materials" />
					<Add directory="src/mge/sphinx" />
					<Add directory="src/mge/behaviours" />
				</Compiler>
				<Linker>
					<Add library="glew32" />
					<Add library="sfml-graphics-d" />
					<Add library="sfml-window-d" />
					<Add library="sfml-audio-d" />
					<Add library="sfml-system-d" />
					<Add library="opengl32" />
				</Linker>
			</Target>
		</Build>
		<Compiler>
			<Add option="-Wall" />
			<Add option="-fexceptions" />
		</Compiler>
		<Unit filename="assets/mge/audio/Gate.wav" />
		<Unit filename="assets/mge/audio/door.wav" />
		<Unit filename="assets/mge/fonts/arial.ttf" />
		<Unit filename="assets/mge/models/cone_flat.obj" />
		<Unit filename="assets/mge/models/cone_smooth.obj" />
		<Unit filename="assets/mge/models/cube_flat.obj" />
		<Unit filename="assets/mge/models/cube_smooth.obj" />
		<Unit filename="assets/mge/models/cylinder_flat.obj" />
		<Unit filename="assets/mge/models/cylinder_smooth.obj" />
		<Unit filename="assets/mge/models/plane20x20_2048tris_aligned_uvs.obj" />
		<Unit filename="assets/mge/models/plane20x20_2tris_aligned_uvs.obj" />
		<Unit filename="assets/mge/models/sphere_flat.obj" />
		<Unit filename="assets/mge/models/sphere_smooth.obj" />
		<Unit filename="assets/mge/models/suzanna_flat.obj" />
		<Unit filename="assets/mge/models/suzanna_smooth.obj" />
		<Unit filename="assets/mge/models/teapot_flat.obj" />
		<Unit filename="assets/mge/models/teapot_smooth.obj" />
		<Unit filename="assets/mge/shaders/color.fs" />
		<Unit filename="assets/mge/shaders/color.vs" />
		<Unit filename="assets/mge/shaders/litTexture.fs" />
		<Unit filename="assets/mge/shaders/litTexture.vs" />
		<Unit filename="assets/mge/shaders/litcolor.fs" />
		<Unit filename="assets/mge/shaders/litcolor.vs" />
		<Unit filename="assets/mge/shaders/particleShader.fs" />
		<Unit filename="assets/mge/shaders/particleShader.vs" />
		<Unit filename="assets/mge/shaders/screenShader.fs" />
		<Unit filename="assets/mge/shaders/screenShader.vs" />
		<Unit filename="assets/mge/shaders/shadowMap.fs" />
		<Unit filename="assets/mge/shaders/shadowMap.vs" />
		<Unit filename="assets/mge/shaders/simpleDepthShader.fs" />
		<Unit filename="assets/mge/shaders/simpleDepthShader.vs" />
		<Unit filename="assets/mge/shaders/texture.fs" />
		<Unit filename="assets/mge/shaders/texture.vs" />
		<Unit filename="assets/mge/shaders/wobble.fs" />
		<Unit filename="assets/mge/shaders/wobble.vs" />
		<Unit filename="assets/mge/textures/bricks.jpg" />
		<Unit filename="assets/mge/textures/land.jpg" />
		<Unit filename="src/glm.hpp" />
		<Unit filename="src/main.cpp" />
		<Unit filename="src/mge/FileWatcher/FileWatcher.cpp" />
		<Unit filename="src/mge/FileWatcher/FileWatcher.h" />
		<Unit filename="src/mge/FileWatcher/FileWatcherImpl.h" />
		<Unit filename="src/mge/FileWatcher/FileWatcherLinux.cpp" />
		<Unit filename="src/mge/FileWatcher/FileWatcherLinux.h" />
		<Unit filename="src/mge/FileWatcher/FileWatcherOSX.cpp" />
		<Unit filename="src/mge/FileWatcher/FileWatcherOSX.h" />
		<Unit filename="src/mge/FileWatcher/FileWatcherWin32.cpp" />
		<Unit filename="src/mge/FileWatcher/FileWatcherWin32.h" />
		<Unit filename="src/mge/LuaGame.cpp" />
		<Unit filename="src/mge/LuaGame.hpp" />
		<Unit filename="src/mge/MGEDemo.cpp" />
		<Unit filename="src/mge/MGEDemo.hpp" />
		<Unit filename="src/mge/MGEMartijn.cpp" />
		<Unit filename="src/mge/MGEMartijn.h" />
		<Unit filename="src/mge/MGEPaul.cpp" />
		<Unit filename="src/mge/MGEPaul.h" />
		<Unit filename="src/mge/behaviours/AbstractBehaviour.cpp" />
		<Unit filename="src/mge/behaviours/AbstractBehaviour.hpp" />
		<Unit filename="src/mge/behaviours/ColorFlasher.cpp" />
		<Unit filename="src/mge/behaviours/ColorFlasher.hpp" />
		<Unit filename="src/mge/behaviours/KeysBehaviour.cpp" />
		<Unit filename="src/mge/behaviours/KeysBehaviour.hpp" />
		<Unit filename="src/mge/behaviours/Light.cpp" />
		<Unit filename="src/mge/behaviours/Light.hpp" />
		<Unit filename="src/mge/behaviours/LookAt.cpp" />
		<Unit filename="src/mge/behaviours/LookAt.hpp" />
		<Unit filename="src/mge/behaviours/MeshRenderer.cpp" />
		<Unit filename="src/mge/behaviours/MeshRenderer.hpp" />
		<Unit filename="src/mge/behaviours/OrbitBehaviour.cpp" />
		<Unit filename="src/mge/behaviours/OrbitBehaviour.hpp" />
		<Unit filename="src/mge/behaviours/OrbitBehaviourPaul.cpp" />
		<Unit filename="src/mge/behaviours/OrbitBehaviourPaul.h" />
		<Unit filename="src/mge/behaviours/ParticleSystem.cpp" />
		<Unit filename="src/mge/behaviours/ParticleSystem.hpp" />
		<Unit filename="src/mge/behaviours/RotatingBehaviour.cpp" />
		<Unit filename="src/mge/behaviours/RotatingBehaviour.hpp" />
		<Unit filename="src/mge/config.hpp" />
		<Unit filename="src/mge/core/AbstractGame.cpp" />
		<Unit filename="src/mge/core/AbstractGame.hpp" />
		<Unit filename="src/mge/core/Audio.cpp" />
		<Unit filename="src/mge/core/Audio.hpp" />
		<Unit filename="src/mge/core/BaseHud.cpp" />
		<Unit filename="src/mge/core/BaseHud.hpp" />
		<Unit filename="src/mge/core/BaseLight.cpp" />
		<Unit filename="src/mge/core/BaseLight.h" />
		<Unit filename="src/mge/core/Camera.cpp" />
		<Unit filename="src/mge/core/Camera.hpp" />
		<Unit filename="src/mge/core/FPS.cpp" />
		<Unit filename="src/mge/core/FPS.hpp" />
		<Unit filename="src/mge/core/GameObject.cpp" />
		<Unit filename="src/mge/core/GameObject.hpp" />
		<Unit filename="src/mge/core/Input.cpp" />
		<Unit filename="src/mge/core/Input.hpp" />
		<Unit filename="src/mge/core/LuaLevelManger.cpp" />
		<Unit filename="src/mge/core/LuaLevelManger.h" />
		<Unit filename="src/mge/core/Mesh.cpp" />
		<Unit filename="src/mge/core/Mesh.hpp" />
		<Unit filename="src/mge/core/ModelViewer.cpp" />
		<Unit filename="src/mge/core/ModelViewer.hpp" />
		<Unit filename="src/mge/core/RenderPipeline.cpp" />
		<Unit filename="src/mge/core/RenderPipeline.hpp" />
		<Unit filename="src/mge/core/ShaderProgram.cpp" />
		<Unit filename="src/mge/core/ShaderProgram.hpp" />
		<Unit filename="src/mge/core/SphinxDreams.cpp" />
		<Unit filename="src/mge/core/SphinxDreams.h" />
		<Unit filename="src/mge/core/Texture.cpp" />
		<Unit filename="src/mge/core/Texture.hpp" />
		<Unit filename="src/mge/core/Timer.cpp" />
		<Unit filename="src/mge/core/Timer.hpp" />
		<Unit filename="src/mge/core/World.cpp" />
		<Unit filename="src/mge/core/World.hpp" />
		<Unit filename="src/mge/lua/LuaManager.cpp" />
		<Unit filename="src/mge/lua/LuaManager.hpp" />
		<Unit filename="src/mge/materials/AbstractMaterial.cpp" />
		<Unit filename="src/mge/materials/AbstractMaterial.hpp" />
		<Unit filename="src/mge/materials/ColorMaterial.cpp" />
		<Unit filename="src/mge/materials/ColorMaterial.hpp" />
		<Unit filename="src/mge/materials/DepthMapper.cpp" />
		<Unit filename="src/mge/materials/DepthMapper.hpp" />
		<Unit filename="src/mge/materials/LitColorMaterial.cpp" />
		<Unit filename="src/mge/materials/LitColorMaterial.h" />
		<Unit filename="src/mge/materials/LitTextureMaterial.cpp" />
		<Unit filename="src/mge/materials/LitTextureMaterial.hpp" />
		<Unit filename="src/mge/materials/TextureMaterial.cpp" />
		<Unit filename="src/mge/materials/TextureMaterial.hpp" />
		<Unit filename="src/mge/materials/WobblingMaterial.cpp" />
		<Unit filename="src/mge/materials/WobblingMaterial.h" />
		<Unit filename="src/mge/sphinx/GameCamera.cpp" />
		<Unit filename="src/mge/sphinx/GameCamera.hpp" />
		<Unit filename="src/mge/sphinx/MainLight.cpp" />
		<Unit filename="src/mge/sphinx/MainLight.hpp" />
		<Unit filename="src/mge/sphinx/Prop.cpp" />
		<Unit filename="src/mge/sphinx/Prop.hpp" />
		<Unit filename="src/mge/sphinx/PuzzleBlock.cpp" />
		<Unit filename="src/mge/sphinx/PuzzleBlock.hpp" />
		<Unit filename="src/mge/sphinx/StoryWall.cpp" />
		<Unit filename="src/mge/sphinx/StoryWall.hpp" />
		<Unit filename="src/mge/util/DebugHud.cpp" />
		<Unit filename="src/mge/util/DebugHud.hpp" />
		<Unit filename="src/mge/util/LogFile.h" />
		<Unit filename="src/mge/util/UpdateListener.cpp" />
		<Unit filename="src/mge/util/UpdateListener.hpp" />
		<Unit filename="src/mge/util/Utils.cpp" />
		<Unit filename="src/mge/util/Utils.hpp" />
		<Extensions>
			<code_completion />
			<envvars />
			<debugger />
			<lib_finder disable_auto="1" />
		</Extensions>
	</Project>
</CodeBlocks_project_file>
